
Microsoft Visual Studio Solution File, Format Version 12.00
# Visual Studio Version 17
VisualStudioVersion = 17.7.34024.191
MinimumVisualStudioVersion = 10.0.40219.1
Project("{FAE04EC0-301F-11D3-BF4B-00C04F79EFBC}") = "PhotoGallery", "PhotoGallery\PhotoGallery.csproj", "{B75F094C-B6DA-4A13-BEBC-B0BD29A93B1C}"
EndProject
Global
	GlobalSection(SolutionConfigurationPlatforms) = preSolution
		Debug|Any CPU = Debug|Any CPU
		Release|Any CPU = Release|Any CPU
	EndGlobalSection
	GlobalSection(ProjectConfigurationPlatforms) = postSolution
		{B75F094C-B6DA-4A13-BEBC-B0BD29A93B1C}.Debug|Any CPU.ActiveCfg = Debug|Any CPU
		{B75F094C-B6DA-4A13-BEBC-B0BD29A93B1C}.Debug|Any CPU.Build.0 = Debug|Any CPU
		{B75F094C-B6DA-4A13-BEBC-B0BD29A93B1C}.Release|Any CPU.ActiveCfg = Release|Any CPU
		{B75F094C-B6DA-4A13-BEBC-B0BD29A93B1C}.Release|Any CPU.Build.0 = Release|Any CPU
	EndGlobalSection
	GlobalSection(SolutionProperties) = preSolution
		HideSolutionNode = FALSE
	EndGlobalSection
	GlobalSection(ExtensibilityGlobals) = postSolution
		SolutionGuid = {FF0E0184-7E6E-497E-B00D-0039F38C85E7}
	EndGlobalSection
EndGlobal
